
Microsoft Visual Studio Solution File, Format Version 12.00
# Visual Studio Version 16
VisualStudioVersion = 16.0.29920.165
MinimumVisualStudioVersion = 10.0.40219.1
Project("{FAE04EC0-301F-11D3-BF4B-00C04F79EFBC}") = "rakhrapdftron.UWP", "rakhrapdftron\rakhrapdftron.UWP\rakhrapdftron.UWP.csproj", "{5FB019ED-347E-4D46-AA1C-EEE94AB48BCC}"
EndProject
Project("{FAE04EC0-301F-11D3-BF4B-00C04F79EFBC}") = "rakhrapdftron.Android", "rakhrapdftron\rakhrapdftron.Android\rakhrapdftron.Android.csproj", "{DC4DDF0F-E5A5-4506-B7B2-231DEF77343E}"
EndProject
Project("{FAE04EC0-301F-11D3-BF4B-00C04F79EFBC}") = "rakhrapdftron.iOS", "rakhrapdftron\rakhrapdftron.iOS\rakhrapdftron.iOS.csproj", "{901E5FE0-275F-4235-830C-AD653F6BC7E5}"
EndProject
Project("{FAE04EC0-301F-11D3-BF4B-00C04F79EFBC}") = "rakhrapdftron", "rakhrapdftron\rakhrapdftron\rakhrapdftron.csproj", "{848C4670-2D8B-4921-A8C2-C1E5329C7017}"
EndProject
Global
	GlobalSection(SolutionConfigurationPlatforms) = preSolution
		Debug|Any CPU = Debug|Any CPU
		Debug|ARM = Debug|ARM
		Debug|iPhone = Debug|iPhone
		Debug|iPhoneSimulator = Debug|iPhoneSimulator
		Debug|x64 = Debug|x64
		Debug|x86 = Debug|x86
		Release|Any CPU = Release|Any CPU
		Release|ARM = Release|ARM
		Release|iPhone = Release|iPhone
		Release|iPhoneSimulator = Release|iPhoneSimulator
		Release|x64 = Release|x64
		Release|x86 = Release|x86
	EndGlobalSection
	GlobalSection(ProjectConfigurationPlatforms) = postSolution
		{5FB019ED-347E-4D46-AA1C-EEE94AB48BCC}.Debug|Any CPU.ActiveCfg = Debug|x86
		{5FB019ED-347E-4D46-AA1C-EEE94AB48BCC}.Debug|Any CPU.Build.0 = Debug|x86
		{5FB019ED-347E-4D46-AA1C-EEE94AB48BCC}.Debug|Any CPU.Deploy.0 = Debug|x86
		{5FB019ED-347E-4D46-AA1C-EEE94AB48BCC}.Debug|ARM.ActiveCfg = Debug|ARM
		{5FB019ED-347E-4D46-AA1C-EEE94AB48BCC}.Debug|ARM.Build.0 = Debug|ARM
		{5FB019ED-347E-4D46-AA1C-EEE94AB48BCC}.Debug|ARM.Deploy.0 = Debug|ARM
		{5FB019ED-347E-4D46-AA1C-EEE94AB48BCC}.Debug|iPhone.ActiveCfg = Debug|x86
		{5FB019ED-347E-4D46-AA1C-EEE94AB48BCC}.Debug|iPhone.Build.0 = Debug|x86
		{5FB019ED-347E-4D46-AA1C-EEE94AB48BCC}.Debug|iPhone.Deploy.0 = Debug|x86
		{5FB019ED-347E-4D46-AA1C-EEE94AB48BCC}.Debug|iPhoneSimulator.ActiveCfg = Debug|x86
		{5FB019ED-347E-4D46-AA1C-EEE94AB48BCC}.Debug|iPhoneSimulator.Build.0 = Debug|x86
		{5FB019ED-347E-4D46-AA1C-EEE94AB48BCC}.Debug|iPhoneSimulator.Deploy.0 = Debug|x86
		{5FB019ED-347E-4D46-AA1C-EEE94AB48BCC}.Debug|x64.ActiveCfg = Debug|x64
		{5FB019ED-347E-4D46-AA1C-EEE94AB48BCC}.Debug|x64.Build.0 = Debug|x64
		{5FB019ED-347E-4D46-AA1C-EEE94AB48BCC}.Debug|x64.Deploy.0 = Debug|x64
		{5FB019ED-347E-4D46-AA1C-EEE94AB48BCC}.Debug|x86.ActiveCfg = Debug|x86
		{5FB019ED-347E-4D46-AA1C-EEE94AB48BCC}.Debug|x86.Build.0 = Debug|x86
		{5FB019ED-347E-4D46-AA1C-EEE94AB48BCC}.Debug|x86.Deploy.0 = Debug|x86
		{5FB019ED-347E-4D46-AA1C-EEE94AB48BCC}.Release|Any CPU.ActiveCfg = Release|x86
		{5FB019ED-347E-4D46-AA1C-EEE94AB48BCC}.Release|Any CPU.Build.0 = Release|x86
		{5FB019ED-347E-4D46-AA1C-EEE94AB48BCC}.Release|Any CPU.Deploy.0 = Release|x86
		{5FB019ED-347E-4D46-AA1C-EEE94AB48BCC}.Release|ARM.ActiveCfg = Release|ARM
		{5FB019ED-347E-4D46-AA1C-EEE94AB48BCC}.Release|ARM.Build.0 = Release|ARM
		{5FB019ED-347E-4D46-AA1C-EEE94AB48BCC}.Release|ARM.Deploy.0 = Release|ARM
		{5FB019ED-347E-4D46-AA1C-EEE94AB48BCC}.Release|iPhone.ActiveCfg = Release|x86
		{5FB019ED-347E-4D46-AA1C-EEE94AB48BCC}.Release|iPhone.Build.0 = Release|x86
		{5FB019ED-347E-4D46-AA1C-EEE94AB48BCC}.Release|iPhone.Deploy.0 = Release|x86
		{5FB019ED-347E-4D46-AA1C-EEE94AB48BCC}.Release|iPhoneSimulator.ActiveCfg = Release|x86
		{5FB019ED-347E-4D46-AA1C-EEE94AB48BCC}.Release|iPhoneSimulator.Build.0 = Release|x86
		{5FB019ED-347E-4D46-AA1C-EEE94AB48BCC}.Release|iPhoneSimulator.Deploy.0 = Release|x86
		{5FB019ED-347E-4D46-AA1C-EEE94AB48BCC}.Release|x64.ActiveCfg = Release|x64
		{5FB019ED-347E-4D46-AA1C-EEE94AB48BCC}.Release|x64.Build.0 = Release|x64
		{5FB019ED-347E-4D46-AA1C-EEE94AB48BCC}.Release|x64.Deploy.0 = Release|x64
		{5FB019ED-347E-4D46-AA1C-EEE94AB48BCC}.Release|x86.ActiveCfg = Release|x86
		{5FB019ED-347E-4D46-AA1C-EEE94AB48BCC}.Release|x86.Build.0 = Release|x86
		{5FB019ED-347E-4D46-AA1C-EEE94AB48BCC}.Release|x86.Deploy.0 = Release|x86
		{DC4DDF0F-E5A5-4506-B7B2-231DEF77343E}.Debug|Any CPU.ActiveCfg = Debug|Any CPU
		{DC4DDF0F-E5A5-4506-B7B2-231DEF77343E}.Debug|Any CPU.Build.0 = Debug|Any CPU
		{DC4DDF0F-E5A5-4506-B7B2-231DEF77343E}.Debug|Any CPU.Deploy.0 = Debug|Any CPU
		{DC4DDF0F-E5A5-4506-B7B2-231DEF77343E}.Debug|ARM.ActiveCfg = Debug|Any CPU
		{DC4DDF0F-E5A5-4506-B7B2-231DEF77343E}.Debug|ARM.Build.0 = Debug|Any CPU
		{DC4DDF0F-E5A5-4506-B7B2-231DEF77343E}.Debug|ARM.Deploy.0 = Debug|Any CPU
		{DC4DDF0F-E5A5-4506-B7B2-231DEF77343E}.Debug|iPhone.ActiveCfg = Debug|Any CPU
		{DC4DDF0F-E5A5-4506-B7B2-231DEF77343E}.Debug|iPhone.Build.0 = Debug|Any CPU
		{DC4DDF0F-E5A5-4506-B7B2-231DEF77343E}.Debug|iPhone.Deploy.0 = Debug|Any CPU
		{DC4DDF0F-E5A5-4506-B7B2-231DEF77343E}.Debug|iPhoneSimulator.ActiveCfg = Debug|Any CPU
		{DC4DDF0F-E5A5-4506-B7B2-231DEF77343E}.Debug|iPhoneSimulator.Build.0 = Debug|Any CPU
		{DC4DDF0F-E5A5-4506-B7B2-231DEF77343E}.Debug|iPhoneSimulator.Deploy.0 = Debug|Any CPU
		{DC4DDF0F-E5A5-4506-B7B2-231DEF77343E}.Debug|x64.ActiveCfg = Debug|Any CPU
		{DC4DDF0F-E5A5-4506-B7B2-231DEF77343E}.Debug|x64.Build.0 = Debug|Any CPU
		{DC4DDF0F-E5A5-4506-B7B2-231DEF77343E}.Debug|x64.Deploy.0 = Debug|Any CPU
		{DC4DDF0F-E5A5-4506-B7B2-231DEF77343E}.Debug|x86.ActiveCfg = Debug|Any CPU
		{DC4DDF0F-E5A5-4506-B7B2-231DEF77343E}.Debug|x86.Build.0 = Debug|Any CPU
		{DC4DDF0F-E5A5-4506-B7B2-231DEF77343E}.Debug|x86.Deploy.0 = Debug|Any CPU
		{DC4DDF0F-E5A5-4506-B7B2-231DEF77343E}.Release|Any CPU.ActiveCfg = Release|Any CPU
		{DC4DDF0F-E5A5-4506-B7B2-231DEF77343E}.Release|Any CPU.Build.0 = Release|Any CPU
		{DC4DDF0F-E5A5-4506-B7B2-231DEF77343E}.Release|Any CPU.Deploy.0 = Release|Any CPU
		{DC4DDF0F-E5A5-4506-B7B2-231DEF77343E}.Release|ARM.ActiveCfg = Release|Any CPU
		{DC4DDF0F-E5A5-4506-B7B2-231DEF77343E}.Release|ARM.Build.0 = Release|Any CPU
		{DC4DDF0F-E5A5-4506-B7B2-231DEF77343E}.Release|ARM.Deploy.0 = Release|Any CPU
		{DC4DDF0F-E5A5-4506-B7B2-231DEF77343E}.Release|iPhone.ActiveCfg = Release|Any CPU
		{DC4DDF0F-E5A5-4506-B7B2-231DEF77343E}.Release|iPhone.Build.0 = Release|Any CPU
		{DC4DDF0F-E5A5-4506-B7B2-231DEF77343E}.Release|iPhone.Deploy.0 = Release|Any CPU
		{DC4DDF0F-E5A5-4506-B7B2-231DEF77343E}.Release|iPhoneSimulator.ActiveCfg = Release|Any CPU
		{DC4DDF0F-E5A5-4506-B7B2-231DEF77343E}.Release|iPhoneSimulator.Build.0 = Release|Any CPU
		{DC4DDF0F-E5A5-4506-B7B2-231DEF77343E}.Release|iPhoneSimulator.Deploy.0 = Release|Any CPU
		{DC4DDF0F-E5A5-4506-B7B2-231DEF77343E}.Release|x64.ActiveCfg = Release|Any CPU
		{DC4DDF0F-E5A5-4506-B7B2-231DEF77343E}.Release|x64.Build.0 = Release|Any CPU
		{DC4DDF0F-E5A5-4506-B7B2-231DEF77343E}.Release|x64.Deploy.0 = Release|Any CPU
		{DC4DDF0F-E5A5-4506-B7B2-231DEF77343E}.Release|x86.ActiveCfg = Release|Any CPU
		{DC4DDF0F-E5A5-4506-B7B2-231DEF77343E}.Release|x86.Build.0 = Release|Any CPU
		{DC4DDF0F-E5A5-4506-B7B2-231DEF77343E}.Release|x86.Deploy.0 = Release|Any CPU
		{901E5FE0-275F-4235-830C-AD653F6BC7E5}.Debug|Any CPU.ActiveCfg = Debug|iPhone
		{901E5FE0-275F-4235-830C-AD653F6BC7E5}.Debug|Any CPU.Build.0 = Debug|iPhone
		{901E5FE0-275F-4235-830C-AD653F6BC7E5}.Debug|Any CPU.Deploy.0 = Debug|iPhone
		{901E5FE0-275F-4235-830C-AD653F6BC7E5}.Debug|ARM.ActiveCfg = Debug|iPhone
		{901E5FE0-275F-4235-830C-AD653F6BC7E5}.Debug|ARM.Build.0 = Debug|iPhone
		{901E5FE0-275F-4235-830C-AD653F6BC7E5}.Debug|ARM.Deploy.0 = Debug|iPhone
		{901E5FE0-275F-4235-830C-AD653F6BC7E5}.Debug|iPhone.ActiveCfg = Debug|iPhone
		{901E5FE0-275F-4235-830C-AD653F6BC7E5}.Debug|iPhone.Build.0 = Debug|iPhone
		{901E5FE0-275F-4235-830C-AD653F6BC7E5}.Debug|iPhone.Deploy.0 = Debug|iPhone
		{901E5FE0-275F-4235-830C-AD653F6BC7E5}.Debug|iPhoneSimulator.ActiveCfg = Debug|iPhoneSimulator
		{901E5FE0-275F-4235-830C-AD653F6BC7E5}.Debug|iPhoneSimulator.Build.0 = Debug|iPhoneSimulator
		{901E5FE0-275F-4235-830C-AD653F6BC7E5}.Debug|iPhoneSimulator.Deploy.0 = Debug|iPhoneSimulator
		{901E5FE0-275F-4235-830C-AD653F6BC7E5}.Debug|x64.ActiveCfg = Debug|iPhone
		{901E5FE0-275F-4235-830C-AD653F6BC7E5}.Debug|x64.Build.0 = Debug|iPhone
		{901E5FE0-275F-4235-830C-AD653F6BC7E5}.Debug|x64.Deploy.0 = Debug|iPhone
		{901E5FE0-275F-4235-830C-AD653F6BC7E5}.Debug|x86.ActiveCfg = Debug|iPhone
		{901E5FE0-275F-4235-830C-AD653F6BC7E5}.Debug|x86.Build.0 = Debug|iPhone
		{901E5FE0-275F-4235-830C-AD653F6BC7E5}.Debug|x86.Deploy.0 = Debug|iPhone
		{901E5FE0-275F-4235-830C-AD653F6BC7E5}.Release|Any CPU.ActiveCfg = Release|iPhone
		{901E5FE0-275F-4235-830C-AD653F6BC7E5}.Release|Any CPU.Build.0 = Release|iPhone
		{901E5FE0-275F-4235-830C-AD653F6BC7E5}.Release|Any CPU.Deploy.0 = Release|iPhone
		{901E5FE0-275F-4235-830C-AD653F6BC7E5}.Release|ARM.ActiveCfg = Release|iPhone
		{901E5FE0-275F-4235-830C-AD653F6BC7E5}.Release|ARM.Build.0 = Release|iPhone
		{901E5FE0-275F-4235-830C-AD653F6BC7E5}.Release|ARM.Deploy.0 = Release|iPhone
		{901E5FE0-275F-4235-830C-AD653F6BC7E5}.Release|iPhone.ActiveCfg = Release|iPhone
		{901E5FE0-275F-4235-830C-AD653F6BC7E5}.Release|iPhone.Build.0 = Release|iPhone
		{901E5FE0-275F-4235-830C-AD653F6BC7E5}.Release|iPhone.Deploy.0 = Release|iPhone
		{901E5FE0-275F-4235-830C-AD653F6BC7E5}.Release|iPhoneSimulator.ActiveCfg = Release|iPhoneSimulator
		{901E5FE0-275F-4235-830C-AD653F6BC7E5}.Release|iPhoneSimulator.Build.0 = Release|iPhoneSimulator
		{901E5FE0-275F-4235-830C-AD653F6BC7E5}.Release|iPhoneSimulator.Deploy.0 = Release|iPhoneSimulator
		{901E5FE0-275F-4235-830C-AD653F6BC7E5}.Release|x64.ActiveCfg = Release|iPhone
		{901E5FE0-275F-4235-830C-AD653F6BC7E5}.Release|x64.Build.0 = Release|iPhone
		{901E5FE0-275F-4235-830C-AD653F6BC7E5}.Release|x64.Deploy.0 = Release|iPhone
		{901E5FE0-275F-4235-830C-AD653F6BC7E5}.Release|x86.ActiveCfg = Release|iPhone
		{901E5FE0-275F-4235-830C-AD653F6BC7E5}.Release|x86.Build.0 = Release|iPhone
		{901E5FE0-275F-4235-830C-AD653F6BC7E5}.Release|x86.Deploy.0 = Release|iPhone
		{848C4670-2D8B-4921-A8C2-C1E5329C7017}.Debug|Any CPU.ActiveCfg = Debug|Any CPU
		{848C4670-2D8B-4921-A8C2-C1E5329C7017}.Debug|Any CPU.Build.0 = Debug|Any CPU
		{848C4670-2D8B-4921-A8C2-C1E5329C7017}.Debug|Any CPU.Deploy.0 = Debug|Any CPU
		{848C4670-2D8B-4921-A8C2-C1E5329C7017}.Debug|ARM.ActiveCfg = Debug|Any CPU
		{848C4670-2D8B-4921-A8C2-C1E5329C7017}.Debug|ARM.Build.0 = Debug|Any CPU
		{848C4670-2D8B-4921-A8C2-C1E5329C7017}.Debug|ARM.Deploy.0 = Debug|Any CPU
		{848C4670-2D8B-4921-A8C2-C1E5329C7017}.Debug|iPhone.ActiveCfg = Debug|Any CPU
		{848C4670-2D8B-4921-A8C2-C1E5329C7017}.Debug|iPhone.Build.0 = Debug|Any CPU
		{848C4670-2D8B-4921-A8C2-C1E5329C7017}.Debug|iPhone.Deploy.0 = Debug|Any CPU
		{848C4670-2D8B-4921-A8C2-C1E5329C7017}.Debug|iPhoneSimulator.ActiveCfg = Debug|Any CPU
		{848C4670-2D8B-4921-A8C2-C1E5329C7017}.Debug|iPhoneSimulator.Build.0 = Debug|Any CPU
		{848C4670-2D8B-4921-A8C2-C1E5329C7017}.Debug|iPhoneSimulator.Deploy.0 = Debug|Any CPU
		{848C4670-2D8B-4921-A8C2-C1E5329C7017}.Debug|x64.ActiveCfg = Debug|Any CPU
		{848C4670-2D8B-4921-A8C2-C1E5329C7017}.Debug|x64.Build.0 = Debug|Any CPU
		{848C4670-2D8B-4921-A8C2-C1E5329C7017}.Debug|x64.Deploy.0 = Debug|Any CPU
		{848C4670-2D8B-4921-A8C2-C1E5329C7017}.Debug|x86.ActiveCfg = Debug|Any CPU
		{848C4670-2D8B-4921-A8C2-C1E5329C7017}.Debug|x86.Build.0 = Debug|Any CPU
		{848C4670-2D8B-4921-A8C2-C1E5329C7017}.Debug|x86.Deploy.0 = Debug|Any CPU
		{848C4670-2D8B-4921-A8C2-C1E5329C7017}.Release|Any CPU.ActiveCfg = Release|Any CPU
		{848C4670-2D8B-4921-A8C2-C1E5329C7017}.Release|Any CPU.Build.0 = Release|Any CPU
		{848C4670-2D8B-4921-A8C2-C1E5329C7017}.Release|Any CPU.Deploy.0 = Release|Any CPU
		{848C4670-2D8B-4921-A8C2-C1E5329C7017}.Release|ARM.ActiveCfg = Release|Any CPU
		{848C4670-2D8B-4921-A8C2-C1E5329C7017}.Release|ARM.Build.0 = Release|Any CPU
		{848C4670-2D8B-4921-A8C2-C1E5329C7017}.Release|ARM.Deploy.0 = Release|Any CPU
		{848C4670-2D8B-4921-A8C2-C1E5329C7017}.Release|iPhone.ActiveCfg = Release|Any CPU
		{848C4670-2D8B-4921-A8C2-C1E5329C7017}.Release|iPhone.Build.0 = Release|Any CPU
		{848C4670-2D8B-4921-A8C2-C1E5329C7017}.Release|iPhone.Deploy.0 = Release|Any CPU
		{848C4670-2D8B-4921-A8C2-C1E5329C7017}.Release|iPhoneSimulator.ActiveCfg = Release|Any CPU
		{848C4670-2D8B-4921-A8C2-C1E5329C7017}.Release|iPhoneSimulator.Build.0 = Release|Any CPU
		{848C4670-2D8B-4921-A8C2-C1E5329C7017}.Release|iPhoneSimulator.Deploy.0 = Release|Any CPU
		{848C4670-2D8B-4921-A8C2-C1E5329C7017}.Release|x64.ActiveCfg = Release|Any CPU
		{848C4670-2D8B-4921-A8C2-C1E5329C7017}.Release|x64.Build.0 = Release|Any CPU
		{848C4670-2D8B-4921-A8C2-C1E5329C7017}.Release|x64.Deploy.0 = Release|Any CPU
		{848C4670-2D8B-4921-A8C2-C1E5329C7017}.Release|x86.ActiveCfg = Release|Any CPU
		{848C4670-2D8B-4921-A8C2-C1E5329C7017}.Release|x86.Build.0 = Release|Any CPU
		{848C4670-2D8B-4921-A8C2-C1E5329C7017}.Release|x86.Deploy.0 = Release|Any CPU
	EndGlobalSection
	GlobalSection(SolutionProperties) = preSolution
		HideSolutionNode = FALSE
	EndGlobalSection
	GlobalSection(ExtensibilityGlobals) = postSolution
		SolutionGuid = {ED9261C4-3596-4770-BD89-055852D18408}
	EndGlobalSection
EndGlobal
